// !$*UTF8*$!
{
	archiveVersion = 1;
	classes = {
	};
	objectVersion = 48;
	objects = {

/* Begin PBXBuildFile section */
		09208B99204D33A40061584C /* AppDelegate.swift in Sources */ = {isa = PBXBuildFile; fileRef = 09208B98204D33A40061584C /* AppDelegate.swift */; };
		09208BA0204D33A40061584C /* Assets.xcassets in Resources */ = {isa = PBXBuildFile; fileRef = 09208B9F204D33A40061584C /* Assets.xcassets */; };
		09208BAB204D340E0061584C /* Coordinator.swift in Sources */ = {isa = PBXBuildFile; fileRef = 09208BAA204D340E0061584C /* Coordinator.swift */; };
		09F85233204D377C0008E47C /* Main.storyboard in Resources */ = {isa = PBXBuildFile; fileRef = 09F85232204D377C0008E47C /* Main.storyboard */; };
		09F85235204D37B60008E47C /* MainCollectionViewController.swift in Sources */ = {isa = PBXBuildFile; fileRef = 09F85234204D37B60008E47C /* MainCollectionViewController.swift */; };
		09F85237204D38EB0008E47C /* CollectionCell.swift in Sources */ = {isa = PBXBuildFile; fileRef = 09F85236204D38EB0008E47C /* CollectionCell.swift */; };
		09F85239204D39140008E47C /* ReusableCell.swift in Sources */ = {isa = PBXBuildFile; fileRef = 09F85238204D39140008E47C /* ReusableCell.swift */; };
		09F8523B204D395C0008E47C /* NibInitializable.swift in Sources */ = {isa = PBXBuildFile; fileRef = 09F8523A204D395C0008E47C /* NibInitializable.swift */; };
		09F85240204D55B20008E47C /* Extension.swift in Sources */ = {isa = PBXBuildFile; fileRef = 09F8523F204D55B20008E47C /* Extension.swift */; };
		09F85245204D6BBA0008E47C /* HZNameViewController.swift in Sources */ = {isa = PBXBuildFile; fileRef = 09F85244204D6BBA0008E47C /* HZNameViewController.swift */; };
/* End PBXBuildFile section */

/* Begin PBXCopyFilesBuildPhase section */
		09F85214204D34C20008E47C /* Embed Frameworks */ = {
			isa = PBXCopyFilesBuildPhase;
			buildActionMask = 2147483647;
			dstPath = "";
			dstSubfolderSpec = 10;
			files = (
			);
			name = "Embed Frameworks";
			runOnlyForDeploymentPostprocessing = 0;
		};
/* End PBXCopyFilesBuildPhase section */

/* Begin PBXFileReference section */
		09208B95204D33A40061584C /* SomeKindOfMonster.app */ = {isa = PBXFileReference; explicitFileType = wrapper.application; includeInIndex = 0; path = SomeKindOfMonster.app; sourceTree = BUILT_PRODUCTS_DIR; };
		09208B98204D33A40061584C /* AppDelegate.swift */ = {isa = PBXFileReference; lastKnownFileType = sourcecode.swift; path = AppDelegate.swift; sourceTree = "<group>"; };
		09208B9F204D33A40061584C /* Assets.xcassets */ = {isa = PBXFileReference; lastKnownFileType = folder.assetcatalog; path = Assets.xcassets; sourceTree = "<group>"; };
		09208BAA204D340E0061584C /* Coordinator.swift */ = {isa = PBXFileReference; lastKnownFileType = sourcecode.swift; path = Coordinator.swift; sourceTree = "<group>"; };
		09F8521A204D35490008E47C /* Info.plist */ = {isa = PBXFileReference; fileEncoding = 4; lastKnownFileType = text.plist.xml; name = Info.plist; path = SomeKindOfMonster/Info.plist; sourceTree = SOURCE_ROOT; };
		09F85232204D377C0008E47C /* Main.storyboard */ = {isa = PBXFileReference; lastKnownFileType = file.storyboard; path = Main.storyboard; sourceTree = "<group>"; };
		09F85234204D37B60008E47C /* MainCollectionViewController.swift */ = {isa = PBXFileReference; lastKnownFileType = sourcecode.swift; path = MainCollectionViewController.swift; sourceTree = "<group>"; };
		09F85236204D38EB0008E47C /* CollectionCell.swift */ = {isa = PBXFileReference; lastKnownFileType = sourcecode.swift; path = CollectionCell.swift; sourceTree = "<group>"; };
		09F85238204D39140008E47C /* ReusableCell.swift */ = {isa = PBXFileReference; lastKnownFileType = sourcecode.swift; path = ReusableCell.swift; sourceTree = "<group>"; };
		09F8523A204D395C0008E47C /* NibInitializable.swift */ = {isa = PBXFileReference; lastKnownFileType = sourcecode.swift; path = NibInitializable.swift; sourceTree = "<group>"; };
		09F8523F204D55B20008E47C /* Extension.swift */ = {isa = PBXFileReference; lastKnownFileType = sourcecode.swift; path = Extension.swift; sourceTree = "<group>"; };
		09F85244204D6BBA0008E47C /* HZNameViewController.swift */ = {isa = PBXFileReference; lastKnownFileType = sourcecode.swift; path = HZNameViewController.swift; sourceTree = "<group>"; };
/* End PBXFileReference section */

/* Begin PBXFrameworksBuildPhase section */
		09208B92204D33A40061584C /* Frameworks */ = {
			isa = PBXFrameworksBuildPhase;
			buildActionMask = 2147483647;
			files = (
			);
			runOnlyForDeploymentPostprocessing = 0;
		};
/* End PBXFrameworksBuildPhase section */

/* Begin PBXGroup section */
		09208B8C204D33A40061584C = {
			isa = PBXGroup;
			children = (
				09208B97204D33A40061584C /* SomeKindOfMonster */,
				09208B96204D33A40061584C /* Products */,
			);
			sourceTree = "<group>";
		};
		09208B96204D33A40061584C /* Products */ = {
			isa = PBXGroup;
			children = (
				09208B95204D33A40061584C /* SomeKindOfMonster.app */,
			);
			name = Products;
			sourceTree = "<group>";
		};
		09208B97204D33A40061584C /* SomeKindOfMonster */ = {
			isa = PBXGroup;
			children = (
				09208BA7204D33D40061584C /* Screens */,
				09F85219204D35290008E47C /* Application */,
				09208BA8204D33F60061584C /* Library */,
				09208B9F204D33A40061584C /* Assets.xcassets */,
			);
			path = SomeKindOfMonster;
			sourceTree = "<group>";
		};
		09208BA7204D33D40061584C /* Screens */ = {
			isa = PBXGroup;
			children = (
				09F85243204D6B9C0008E47C /* Navigation */,
				09F85231204D37680008E47C /* Main */,
			);
			path = Screens;
			sourceTree = "<group>";
		};
		09208BA8204D33F60061584C /* Library */ = {
			isa = PBXGroup;
			children = (
				09F8523E204D55A70008E47C /* Extensions */,
				09208BA9204D33FD0061584C /* Protocols */,
			);
			path = Library;
			sourceTree = "<group>";
		};
		09208BA9204D33FD0061584C /* Protocols */ = {
			isa = PBXGroup;
			children = (
				09208BAA204D340E0061584C /* Coordinator.swift */,
				09F85238204D39140008E47C /* ReusableCell.swift */,
				09F8523A204D395C0008E47C /* NibInitializable.swift */,
			);
			path = Protocols;
			sourceTree = "<group>";
		};
		09F85219204D35290008E47C /* Application */ = {
			isa = PBXGroup;
			children = (
				09F8521A204D35490008E47C /* Info.plist */,
				09208B98204D33A40061584C /* AppDelegate.swift */,
			);
			path = Application;
			sourceTree = "<group>";
		};
		09F85231204D37680008E47C /* Main */ = {
			isa = PBXGroup;
			children = (
				09F85236204D38EB0008E47C /* CollectionCell.swift */,
				09F85234204D37B60008E47C /* MainCollectionViewController.swift */,
				09F85232204D377C0008E47C /* Main.storyboard */,
			);
			path = Main;
			sourceTree = "<group>";
		};
		09F8523E204D55A70008E47C /* Extensions */ = {
			isa = PBXGroup;
			children = (
				09F8523F204D55B20008E47C /* Extension.swift */,
			);
			path = Extensions;
			sourceTree = "<group>";
		};
		09F85243204D6B9C0008E47C /* Navigation */ = {
			isa = PBXGroup;
			children = (
				09F85244204D6BBA0008E47C /* HZNameViewController.swift */,
			);
			path = Navigation;
			sourceTree = "<group>";
		};
/* End PBXGroup section */

/* Begin PBXNativeTarget section */
		09208B94204D33A40061584C /* SomeKindOfMonster */ = {
			isa = PBXNativeTarget;
			buildConfigurationList = 09208BA4204D33A40061584C /* Build configuration list for PBXNativeTarget "SomeKindOfMonster" */;
			buildPhases = (
				09208B91204D33A40061584C /* Sources */,
				09208B92204D33A40061584C /* Frameworks */,
				09208B93204D33A40061584C /* Resources */,
				09F85214204D34C20008E47C /* Embed Frameworks */,
			);
			buildRules = (
			);
			dependencies = (
			);
			name = SomeKindOfMonster;
			productName = SomeKindOfMonster;
			productReference = 09208B95204D33A40061584C /* SomeKindOfMonster.app */;
			productType = "com.apple.product-type.application";
		};
/* End PBXNativeTarget section */

/* Begin PBXProject section */
		09208B8D204D33A40061584C /* Project object */ = {
			isa = PBXProject;
			attributes = {
				LastSwiftUpdateCheck = 0920;
				LastUpgradeCheck = 0920;
				ORGANIZATIONNAME = Baby;
				TargetAttributes = {
					09208B94204D33A40061584C = {
						CreatedOnToolsVersion = 9.2;
						ProvisioningStyle = Automatic;
					};
				};
			};
			buildConfigurationList = 09208B90204D33A40061584C /* Build configuration list for PBXProject "SomeKindOfMonster" */;
			compatibilityVersion = "Xcode 8.0";
			developmentRegion = en;
			hasScannedForEncodings = 0;
			knownRegions = (
				en,
				Base,
			);
			mainGroup = 09208B8C204D33A40061584C;
			productRefGroup = 09208B96204D33A40061584C /* Products */;
			projectDirPath = "";
			projectRoot = "";
			targets = (
				09208B94204D33A40061584C /* SomeKindOfMonster */,
			);
		};
/* End PBXProject section */

/* Begin PBXResourcesBuildPhase section */
		09208B93204D33A40061584C /* Resources */ = {
			isa = PBXResourcesBuildPhase;
			buildActionMask = 2147483647;
			files = (
				09208BA0204D33A40061584C /* Assets.xcassets in Resources */,
				09F85233204D377C0008E47C /* Main.storyboard in Resources */,
			);
			runOnlyForDeploymentPostprocessing = 0;
		};
/* End PBXResourcesBuildPhase section */

/* Begin PBXSourcesBuildPhase section */
		09208B91204D33A40061584C /* Sources */ = {
			isa = PBXSourcesBuildPhase;
			buildActionMask = 2147483647;
			files = (
				09F8523B204D395C0008E47C /* NibInitializable.swift in Sources */,
				09F85235204D37B60008E47C /* MainCollectionViewController.swift in Sources */,
				09F85239204D39140008E47C /* ReusableCell.swift in Sources */,
				09208BAB204D340E0061584C /* Coordinator.swift in Sources */,
				09208B99204D33A40061584C /* AppDelegate.swift in Sources */,
				09F85237204D38EB0008E47C /* CollectionCell.swift in Sources */,
				09F85240204D55B20008E47C /* Extension.swift in Sources */,
				09F85245204D6BBA0008E47C /* HZNameViewController.swift in Sources */,
			);
			runOnlyForDeploymentPostprocessing = 0;
		};
/* End PBXSourcesBuildPhase section */

/* Begin XCBuildConfiguration section */
		09208BA2204D33A40061584C /* Debug */ = {
			isa = XCBuildConfiguration;
			buildSettings = {
				ALWAYS_SEARCH_USER_PATHS = NO;
				CLANG_ANALYZER_NONNULL = YES;
				CLANG_ANALYZER_NUMBER_OBJECT_CONVERSION = YES_AGGRESSIVE;
				CLANG_CXX_LANGUAGE_STANDARD = "gnu++14";
				CLANG_CXX_LIBRARY = "libc++";
				CLANG_ENABLE_MODULES = YES;
				CLANG_ENABLE_OBJC_ARC = YES;
				CLANG_WARN_BLOCK_CAPTURE_AUTORELEASING = YES;
				CLANG_WARN_BOOL_CONVERSION = YES;
				CLANG_WARN_COMMA = YES;
				CLANG_WARN_CONSTANT_CONVERSION = YES;
				CLANG_WARN_DIRECT_OBJC_ISA_USAGE = YES_ERROR;
				CLANG_WARN_DOCUMENTATION_COMMENTS = YES;
				CLANG_WARN_EMPTY_BODY = YES;
				CLANG_WARN_ENUM_CONVERSION = YES;
				CLANG_WARN_INFINITE_RECURSION = YES;
				CLANG_WARN_INT_CONVERSION = YES;
				CLANG_WARN_NON_LITERAL_NULL_CONVERSION = YES;
				CLANG_WARN_OBJC_LITERAL_CONVERSION = YES;
				CLANG_WARN_OBJC_ROOT_CLASS = YES_ERROR;
				CLANG_WARN_RANGE_LOOP_ANALYSIS = YES;
				CLANG_WARN_STRICT_PROTOTYPES = YES;
				CLANG_WARN_SUSPICIOUS_MOVE = YES;
				CLANG_WARN_UNGUARDED_AVAILABILITY = YES_AGGRESSIVE;
				CLANG_WARN_UNREACHABLE_CODE = YES;
				CLANG_WARN__DUPLICATE_METHOD_MATCH = YES;
				COPY_PHASE_STRIP = NO;
				DEBUG_INFORMATION_FORMAT = dwarf;
				ENABLE_STRICT_OBJC_MSGSEND = YES;
				ENABLE_TESTABILITY = YES;
				GCC_C_LANGUAGE_STANDARD = gnu11;
				GCC_DYNAMIC_NO_PIC = NO;
				GCC_NO_COMMON_BLOCKS = YES;
				GCC_OPTIMIZATION_LEVEL = 0;
				GCC_PREPROCESSOR_DEFINITIONS = (
					"DEBUG=1",
					"$(inherited)",
				);
				GCC_WARN_64_TO_32_BIT_CONVERSION = YES;
				GCC_WARN_ABOUT_RETURN_TYPE = YES_ERROR;
				GCC_WARN_UNDECLARED_SELECTOR = YES;
				GCC_WARN_UNINITIALIZED_AUTOS = YES_AGGRESSIVE;
				GCC_WARN_UNUSED_FUNCTION = YES;
				GCC_WARN_UNUSED_VARIABLE = YES;
				MTL_ENABLE_DEBUG_INFO = YES;
				ONLY_ACTIVE_ARCH = YES;
				SDKROOT = appletvos;
				SWIFT_ACTIVE_COMPILATION_CONDITIONS = DEBUG;
				SWIFT_OPTIMIZATION_LEVEL = "-Onone";
				TVOS_DEPLOYMENT_TARGET = 11.2;
			};
			name = Debug;
		};
		09208BA3204D33A40061584C /* Release */ = {
			isa = XCBuildConfiguration;
			buildSettings = {
				ALWAYS_SEARCH_USER_PATHS = NO;
				CLANG_ANALYZER_NONNULL = YES;
				CLANG_ANALYZER_NUMBER_OBJECT_CONVERSION = YES_AGGRESSIVE;
				CLANG_CXX_LANGUAGE_STANDARD = "gnu++14";
				CLANG_CXX_LIBRARY = "libc++";
				CLANG_ENABLE_MODULES = YES;
				CLANG_ENABLE_OBJC_ARC = YES;
				CLANG_WARN_BLOCK_CAPTURE_AUTORELEASING = YES;
				CLANG_WARN_BOOL_CONVERSION = YES;
				CLANG_WARN_COMMA = YES;
				CLANG_WARN_CONSTANT_CONVERSION = YES;
				CLANG_WARN_DIRECT_OBJC_ISA_USAGE = YES_ERROR;
				CLANG_WARN_DOCUMENTATION_COMMENTS = YES;
				CLANG_WARN_EMPTY_BODY = YES;
				CLANG_WARN_ENUM_CONVERSION = YES;
				CLANG_WARN_INFINITE_RECURSION = YES;
				CLANG_WARN_INT_CONVERSION = YES;
				CLANG_WARN_NON_LITERAL_NULL_CONVERSION = YES;
				CLANG_WARN_OBJC_LITERAL_CONVERSION = YES;
				CLANG_WARN_OBJC_ROOT_CLASS = YES_ERROR;
				CLANG_WARN_RANGE_LOOP_ANALYSIS = YES;
				CLANG_WARN_STRICT_PROTOTYPES = YES;
				CLANG_WARN_SUSPICIOUS_MOVE = YES;
				CLANG_WARN_UNGUARDED_AVAILABILITY = YES_AGGRESSIVE;
				CLANG_WARN_UNREACHABLE_CODE = YES;
				CLANG_WARN__DUPLICATE_METHOD_MATCH = YES;
				COPY_PHASE_STRIP = NO;
				DEBUG_INFORMATION_FORMAT = "dwarf-with-dsym";
				ENABLE_NS_ASSERTIONS = NO;
				ENABLE_STRICT_OBJC_MSGSEND = YES;
				GCC_C_LANGUAGE_STANDARD = gnu11;
				GCC_NO_COMMON_BLOCKS = YES;
				GCC_WARN_64_TO_32_BIT_CONVERSION = YES;
				GCC_WARN_ABOUT_RETURN_TYPE = YES_ERROR;
				GCC_WARN_UNDECLARED_SELECTOR = YES;
				GCC_WARN_UNINITIALIZED_AUTOS = YES_AGGRESSIVE;
				GCC_WARN_UNUSED_FUNCTION = YES;
				GCC_WARN_UNUSED_VARIABLE = YES;
				MTL_ENABLE_DEBUG_INFO = NO;
				SDKROOT = appletvos;
				SWIFT_OPTIMIZATION_LEVEL = "-Owholemodule";
				TVOS_DEPLOYMENT_TARGET = 11.2;
				VALIDATE_PRODUCT = YES;
			};
			name = Release;
		};
		09208BA5204D33A40061584C /* Debug */ = {
			isa = XCBuildConfiguration;
			buildSettings = {
				ASSETCATALOG_COMPILER_APPICON_NAME = "App Icon & Top Shelf Image";
				ASSETCATALOG_COMPILER_LAUNCHIMAGE_NAME = LaunchImage;
				CODE_SIGN_STYLE = Automatic;
				DEVELOPMENT_TEAM = ESG9RMF2GN;
				FRAMEWORK_SEARCH_PATHS = (
					"$(inherited)",
					"$(PROJECT_DIR)/Carthage/Build/iOS",
					"$(PROJECT_DIR)/Carthage/Build/tvOS",
				);
				INFOPLIST_FILE = SomeKindOfMonster/Info.plist;
				LD_RUNPATH_SEARCH_PATHS = "$(inherited) @executable_path/Frameworks";
				PRODUCT_BUNDLE_IDENTIFIER = com.baby.SomeKindOfMonster;
				PRODUCT_NAME = "$(TARGET_NAME)";
				SWIFT_VERSION = 4.0;
				TARGETED_DEVICE_FAMILY = 3;
			};
			name = Debug;
		};
		09208BA6204D33A40061584C /* Release */ = {
			isa = XCBuildConfiguration;
			buildSettings = {
				ASSETCATALOG_COMPILER_APPICON_NAME = "App Icon & Top Shelf Image";
				ASSETCATALOG_COMPILER_LAUNCHIMAGE_NAME = LaunchImage;
				CODE_SIGN_STYLE = Automatic;
				DEVELOPMENT_TEAM = ESG9RMF2GN;
				FRAMEWORK_SEARCH_PATHS = (
					"$(inherited)",
					"$(PROJECT_DIR)/Carthage/Build/iOS",
					"$(PROJECT_DIR)/Carthage/Build/tvOS",
				);
				INFOPLIST_FILE = SomeKindOfMonster/Info.plist;
				LD_RUNPATH_SEARCH_PATHS = "$(inherited) @executable_path/Frameworks";
				PRODUCT_BUNDLE_IDENTIFIER = com.baby.SomeKindOfMonster;
				PRODUCT_NAME = "$(TARGET_NAME)";
				SWIFT_VERSION = 4.0;
				TARGETED_DEVICE_FAMILY = 3;
			};
			name = Release;
		};
/* End XCBuildConfiguration section */

/* Begin XCConfigurationList section */
		09208B90204D33A40061584C /* Build configuration list for PBXProject "SomeKindOfMonster" */ = {
			isa = XCConfigurationList;
			buildConfigurations = (
				09208BA2204D33A40061584C /* Debug */,
				09208BA3204D33A40061584C /* Release */,
			);
			defaultConfigurationIsVisible = 0;
			defaultConfigurationName = Release;
		};
		09208BA4204D33A40061584C /* Build configuration list for PBXNativeTarget "SomeKindOfMonster" */ = {
			isa = XCConfigurationList;
			buildConfigurations = (
				09208BA5204D33A40061584C /* Debug */,
				09208BA6204D33A40061584C /* Release */,
			);
			defaultConfigurationIsVisible = 0;
			defaultConfigurationName = Release;
		};
/* End XCConfigurationList section */
	};
	rootObject = 09208B8D204D33A40061584C /* Project object */;
}
